
Microsoft Visual Studio Solution File, Format Version 12.00
# Visual Studio Version 17
VisualStudioVersion = 17.2.32526.322
MinimumVisualStudioVersion = 10.0.40219.1
Project("{2150E333-8FDC-42A3-9474-1A3956D46DE8}") = "FrontEnd", "FrontEnd", "{81DADC51-49EE-40A7-A7F0-38E6B13AD492}"
EndProject
Project("{9A19103F-16F7-4668-BE54-9A1E7A4F7556}") = "Mango.Web", "Mango.Web\Mango.Web.csproj", "{5DF0B98F-80CE-4B60-B986-8C2216F664F3}"
EndProject
Project("{2150E333-8FDC-42A3-9474-1A3956D46DE8}") = "Services", "Services", "{A643DE33-6F5D-4CA0-9DAC-694C8B0DDDB7}"
EndProject
Project("{9A19103F-16F7-4668-BE54-9A1E7A4F7556}") = "Mango.Services.ProductApi", "Mango.Services.ProductApi\Mango.Services.ProductApi.csproj", "{3AEC5B32-59F6-4842-8FE1-5DC8CA662EA4}"
EndProject
Project("{9A19103F-16F7-4668-BE54-9A1E7A4F7556}") = "Mango.Services.Identity", "Mango.Services.Identity\Mango.Services.Identity.csproj", "{E72DA5EE-633D-4F44-AA6A-C6B4B2F9D8A4}"
EndProject
Project("{9A19103F-16F7-4668-BE54-9A1E7A4F7556}") = "Mango.Services.ShoppingCartAPI", "Mango.Services.ShoppingCartAPI\Mango.Services.ShoppingCartAPI.csproj", "{3A0DFECB-7304-46B7-8994-E633A497CD75}"
EndProject
Project("{9A19103F-16F7-4668-BE54-9A1E7A4F7556}") = "Mango.Services.CouponAPI", "Mango.Services.CouponAPI\Mango.Services.CouponAPI.csproj", "{1E076750-FC28-4F96-BE55-78207D3DB5BE}"
EndProject
Project("{2150E333-8FDC-42A3-9474-1A3956D46DE8}") = "Integration", "Integration", "{AFF820DC-C17C-42D4-A664-C7DE3384EF4A}"
EndProject
Project("{9A19103F-16F7-4668-BE54-9A1E7A4F7556}") = "Mango.MessageBus", "Mango.MessageBus\Mango.MessageBus.csproj", "{24DA3E00-4E99-4870-851F-CEA342313876}"
EndProject
Project("{9A19103F-16F7-4668-BE54-9A1E7A4F7556}") = "Mango.Services.OrderAPI", "Mango.Services.OrderAPI\Mango.Services.OrderAPI.csproj", "{C6E5C88B-D179-44EC-822F-340B549A4695}"
EndProject
Project("{2150E333-8FDC-42A3-9474-1A3956D46DE8}") = "Payments", "Payments", "{F5FE729B-FE1C-483C-88E3-1689C03BBE75}"
EndProject
Project("{9A19103F-16F7-4668-BE54-9A1E7A4F7556}") = "PaymentProcessor", "PaymentProcessor\PaymentProcessor.csproj", "{01D6D25F-A460-4C3E-8CDD-ACA1972D2D6A}"
EndProject
Project("{9A19103F-16F7-4668-BE54-9A1E7A4F7556}") = "Mango.Services.PaymentAPI", "Mango.Services.PaymentAPI\Mango.Services.PaymentAPI.csproj", "{0B552556-800D-473A-AF49-B133EA101A74}"
EndProject
Project("{9A19103F-16F7-4668-BE54-9A1E7A4F7556}") = "Mango.Services.Email", "Mango.Services.Email\Mango.Services.Email.csproj", "{E95BC38C-808E-4D3C-B0C7-FE9C8277F645}"
EndProject
Project("{2150E333-8FDC-42A3-9474-1A3956D46DE8}") = "Gateway", "Gateway", "{94BFA3ED-AFC5-4BF6-A064-95D3B7AA16CC}"
EndProject
Project("{FAE04EC0-301F-11D3-BF4B-00C04F79EFBC}") = "Mango.GatewaySolution", "Mango.GatewaySolution\Mango.GatewaySolution.csproj", "{1A3E5DD1-3BA9-452D-BBA3-2A558066ED67}"
EndProject
Global
	GlobalSection(SolutionConfigurationPlatforms) = preSolution
		Debug|Any CPU = Debug|Any CPU
		Release|Any CPU = Release|Any CPU
	EndGlobalSection
	GlobalSection(ProjectConfigurationPlatforms) = postSolution
		{5DF0B98F-80CE-4B60-B986-8C2216F664F3}.Debug|Any CPU.ActiveCfg = Debug|Any CPU
		{5DF0B98F-80CE-4B60-B986-8C2216F664F3}.Debug|Any CPU.Build.0 = Debug|Any CPU
		{5DF0B98F-80CE-4B60-B986-8C2216F664F3}.Release|Any CPU.ActiveCfg = Release|Any CPU
		{5DF0B98F-80CE-4B60-B986-8C2216F664F3}.Release|Any CPU.Build.0 = Release|Any CPU
		{3AEC5B32-59F6-4842-8FE1-5DC8CA662EA4}.Debug|Any CPU.ActiveCfg = Debug|Any CPU
		{3AEC5B32-59F6-4842-8FE1-5DC8CA662EA4}.Debug|Any CPU.Build.0 = Debug|Any CPU
		{3AEC5B32-59F6-4842-8FE1-5DC8CA662EA4}.Release|Any CPU.ActiveCfg = Release|Any CPU
		{3AEC5B32-59F6-4842-8FE1-5DC8CA662EA4}.Release|Any CPU.Build.0 = Release|Any CPU
		{E72DA5EE-633D-4F44-AA6A-C6B4B2F9D8A4}.Debug|Any CPU.ActiveCfg = Debug|Any CPU
		{E72DA5EE-633D-4F44-AA6A-C6B4B2F9D8A4}.Debug|Any CPU.Build.0 = Debug|Any CPU
		{E72DA5EE-633D-4F44-AA6A-C6B4B2F9D8A4}.Release|Any CPU.ActiveCfg = Release|Any CPU
		{E72DA5EE-633D-4F44-AA6A-C6B4B2F9D8A4}.Release|Any CPU.Build.0 = Release|Any CPU
		{3A0DFECB-7304-46B7-8994-E633A497CD75}.Debug|Any CPU.ActiveCfg = Debug|Any CPU
		{3A0DFECB-7304-46B7-8994-E633A497CD75}.Debug|Any CPU.Build.0 = Debug|Any CPU
		{3A0DFECB-7304-46B7-8994-E633A497CD75}.Release|Any CPU.ActiveCfg = Release|Any CPU
		{3A0DFECB-7304-46B7-8994-E633A497CD75}.Release|Any CPU.Build.0 = Release|Any CPU
		{1E076750-FC28-4F96-BE55-78207D3DB5BE}.Debug|Any CPU.ActiveCfg = Debug|Any CPU
		{1E076750-FC28-4F96-BE55-78207D3DB5BE}.Debug|Any CPU.Build.0 = Debug|Any CPU
		{1E076750-FC28-4F96-BE55-78207D3DB5BE}.Release|Any CPU.ActiveCfg = Release|Any CPU
		{1E076750-FC28-4F96-BE55-78207D3DB5BE}.Release|Any CPU.Build.0 = Release|Any CPU
		{24DA3E00-4E99-4870-851F-CEA342313876}.Debug|Any CPU.ActiveCfg = Debug|Any CPU
		{24DA3E00-4E99-4870-851F-CEA342313876}.Debug|Any CPU.Build.0 = Debug|Any CPU
		{24DA3E00-4E99-4870-851F-CEA342313876}.Release|Any CPU.ActiveCfg = Release|Any CPU
		{24DA3E00-4E99-4870-851F-CEA342313876}.Release|Any CPU.Build.0 = Release|Any CPU
		{C6E5C88B-D179-44EC-822F-340B549A4695}.Debug|Any CPU.ActiveCfg = Debug|Any CPU
		{C6E5C88B-D179-44EC-822F-340B549A4695}.Debug|Any CPU.Build.0 = Debug|Any CPU
		{C6E5C88B-D179-44EC-822F-340B549A4695}.Release|Any CPU.ActiveCfg = Release|Any CPU
		{C6E5C88B-D179-44EC-822F-340B549A4695}.Release|Any CPU.Build.0 = Release|Any CPU
		{01D6D25F-A460-4C3E-8CDD-ACA1972D2D6A}.Debug|Any CPU.ActiveCfg = Debug|Any CPU
		{01D6D25F-A460-4C3E-8CDD-ACA1972D2D6A}.Debug|Any CPU.Build.0 = Debug|Any CPU
		{01D6D25F-A460-4C3E-8CDD-ACA1972D2D6A}.Release|Any CPU.ActiveCfg = Release|Any CPU
		{01D6D25F-A460-4C3E-8CDD-ACA1972D2D6A}.Release|Any CPU.Build.0 = Release|Any CPU
		{0B552556-800D-473A-AF49-B133EA101A74}.Debug|Any CPU.ActiveCfg = Debug|Any CPU
		{0B552556-800D-473A-AF49-B133EA101A74}.Debug|Any CPU.Build.0 = Debug|Any CPU
		{0B552556-800D-473A-AF49-B133EA101A74}.Release|Any CPU.ActiveCfg = Release|Any CPU
		{0B552556-800D-473A-AF49-B133EA101A74}.Release|Any CPU.Build.0 = Release|Any CPU
		{E95BC38C-808E-4D3C-B0C7-FE9C8277F645}.Debug|Any CPU.ActiveCfg = Debug|Any CPU
		{E95BC38C-808E-4D3C-B0C7-FE9C8277F645}.Debug|Any CPU.Build.0 = Debug|Any CPU
		{E95BC38C-808E-4D3C-B0C7-FE9C8277F645}.Release|Any CPU.ActiveCfg = Release|Any CPU
		{E95BC38C-808E-4D3C-B0C7-FE9C8277F645}.Release|Any CPU.Build.0 = Release|Any CPU
		{1A3E5DD1-3BA9-452D-BBA3-2A558066ED67}.Debug|Any CPU.ActiveCfg = Debug|Any CPU
		{1A3E5DD1-3BA9-452D-BBA3-2A558066ED67}.Debug|Any CPU.Build.0 = Debug|Any CPU
		{1A3E5DD1-3BA9-452D-BBA3-2A558066ED67}.Release|Any CPU.ActiveCfg = Release|Any CPU
		{1A3E5DD1-3BA9-452D-BBA3-2A558066ED67}.Release|Any CPU.Build.0 = Release|Any CPU
	EndGlobalSection
	GlobalSection(SolutionProperties) = preSolution
		HideSolutionNode = FALSE
	EndGlobalSection
	GlobalSection(NestedProjects) = preSolution
		{5DF0B98F-80CE-4B60-B986-8C2216F664F3} = {81DADC51-49EE-40A7-A7F0-38E6B13AD492}
		{3AEC5B32-59F6-4842-8FE1-5DC8CA662EA4} = {A643DE33-6F5D-4CA0-9DAC-694C8B0DDDB7}
		{E72DA5EE-633D-4F44-AA6A-C6B4B2F9D8A4} = {A643DE33-6F5D-4CA0-9DAC-694C8B0DDDB7}
		{3A0DFECB-7304-46B7-8994-E633A497CD75} = {A643DE33-6F5D-4CA0-9DAC-694C8B0DDDB7}
		{1E076750-FC28-4F96-BE55-78207D3DB5BE} = {A643DE33-6F5D-4CA0-9DAC-694C8B0DDDB7}
		{24DA3E00-4E99-4870-851F-CEA342313876} = {AFF820DC-C17C-42D4-A664-C7DE3384EF4A}
		{C6E5C88B-D179-44EC-822F-340B549A4695} = {A643DE33-6F5D-4CA0-9DAC-694C8B0DDDB7}
		{01D6D25F-A460-4C3E-8CDD-ACA1972D2D6A} = {F5FE729B-FE1C-483C-88E3-1689C03BBE75}
		{0B552556-800D-473A-AF49-B133EA101A74} = {A643DE33-6F5D-4CA0-9DAC-694C8B0DDDB7}
		{E95BC38C-808E-4D3C-B0C7-FE9C8277F645} = {A643DE33-6F5D-4CA0-9DAC-694C8B0DDDB7}
		{1A3E5DD1-3BA9-452D-BBA3-2A558066ED67} = {94BFA3ED-AFC5-4BF6-A064-95D3B7AA16CC}
	EndGlobalSection
	GlobalSection(ExtensibilityGlobals) = postSolution
		SolutionGuid = {692F8036-9641-4AD4-AF40-4E76B5A2CA30}
	EndGlobalSection
EndGlobal
